
Microsoft Visual Studio Solution File, Format Version 12.00
# Visual Studio 15
VisualStudioVersion = 15.0.27703.2000
MinimumVisualStudioVersion = 10.0.40219.1
Project("{262852C6-CD72-467D-83FE-5EEB1973A190}") = "sims-mobile-android", "sims-mobile-android\sims-mobile-android.jsproj", "{9A818E00-BCF1-470D-959C-11CA43BA00D4}"
EndProject
Global
	GlobalSection(SolutionConfigurationPlatforms) = preSolution
		Debug|Android = Debug|Android
		Debug|iOS = Debug|iOS
		Debug|Windows-ARM = Debug|Windows-ARM
		Debug|Windows-x64 = Debug|Windows-x64
		Debug|Windows-x86 = Debug|Windows-x86
		Release|Android = Release|Android
		Release|iOS = Release|iOS
		Release|Windows-ARM = Release|Windows-ARM
		Release|Windows-x64 = Release|Windows-x64
		Release|Windows-x86 = Release|Windows-x86
	EndGlobalSection
	GlobalSection(ProjectConfigurationPlatforms) = postSolution
		{9A818E00-BCF1-470D-959C-11CA43BA00D4}.Debug|Android.ActiveCfg = Debug|Android
		{9A818E00-BCF1-470D-959C-11CA43BA00D4}.Debug|Android.Build.0 = Debug|Android
		{9A818E00-BCF1-470D-959C-11CA43BA00D4}.Debug|Android.Deploy.0 = Debug|Android
		{9A818E00-BCF1-470D-959C-11CA43BA00D4}.Debug|iOS.ActiveCfg = Debug|iOS
		{9A818E00-BCF1-470D-959C-11CA43BA00D4}.Debug|iOS.Build.0 = Debug|iOS
		{9A818E00-BCF1-470D-959C-11CA43BA00D4}.Debug|iOS.Deploy.0 = Debug|iOS
		{9A818E00-BCF1-470D-959C-11CA43BA00D4}.Debug|Windows-ARM.ActiveCfg = Debug|Windows-ARM
		{9A818E00-BCF1-470D-959C-11CA43BA00D4}.Debug|Windows-ARM.Build.0 = Debug|Windows-ARM
		{9A818E00-BCF1-470D-959C-11CA43BA00D4}.Debug|Windows-ARM.Deploy.0 = Debug|Windows-ARM
		{9A818E00-BCF1-470D-959C-11CA43BA00D4}.Debug|Windows-x64.ActiveCfg = Debug|Windows-x64
		{9A818E00-BCF1-470D-959C-11CA43BA00D4}.Debug|Windows-x64.Build.0 = Debug|Windows-x64
		{9A818E00-BCF1-470D-959C-11CA43BA00D4}.Debug|Windows-x64.Deploy.0 = Debug|Windows-x64
		{9A818E00-BCF1-470D-959C-11CA43BA00D4}.Debug|Windows-x86.ActiveCfg = Debug|Windows-x86
		{9A818E00-BCF1-470D-959C-11CA43BA00D4}.Debug|Windows-x86.Build.0 = Debug|Windows-x86
		{9A818E00-BCF1-470D-959C-11CA43BA00D4}.Debug|Windows-x86.Deploy.0 = Debug|Windows-x86
		{9A818E00-BCF1-470D-959C-11CA43BA00D4}.Release|Android.ActiveCfg = Release|Android
		{9A818E00-BCF1-470D-959C-11CA43BA00D4}.Release|Android.Build.0 = Release|Android
		{9A818E00-BCF1-470D-959C-11CA43BA00D4}.Release|Android.Deploy.0 = Release|Android
		{9A818E00-BCF1-470D-959C-11CA43BA00D4}.Release|iOS.ActiveCfg = Release|iOS
		{9A818E00-BCF1-470D-959C-11CA43BA00D4}.Release|iOS.Build.0 = Release|iOS
		{9A818E00-BCF1-470D-959C-11CA43BA00D4}.Release|iOS.Deploy.0 = Release|iOS
		{9A818E00-BCF1-470D-959C-11CA43BA00D4}.Release|Windows-ARM.ActiveCfg = Release|Windows-ARM
		{9A818E00-BCF1-470D-959C-11CA43BA00D4}.Release|Windows-ARM.Build.0 = Release|Windows-ARM
		{9A818E00-BCF1-470D-959C-11CA43BA00D4}.Release|Windows-ARM.Deploy.0 = Release|Windows-ARM
		{9A818E00-BCF1-470D-959C-11CA43BA00D4}.Release|Windows-x64.ActiveCfg = Release|Windows-x64
		{9A818E00-BCF1-470D-959C-11CA43BA00D4}.Release|Windows-x64.Build.0 = Release|Windows-x64
		{9A818E00-BCF1-470D-959C-11CA43BA00D4}.Release|Windows-x64.Deploy.0 = Release|Windows-x64
		{9A818E00-BCF1-470D-959C-11CA43BA00D4}.Release|Windows-x86.ActiveCfg = Release|Windows-x86
		{9A818E00-BCF1-470D-959C-11CA43BA00D4}.Release|Windows-x86.Build.0 = Release|Windows-x86
		{9A818E00-BCF1-470D-959C-11CA43BA00D4}.Release|Windows-x86.Deploy.0 = Release|Windows-x86
	EndGlobalSection
	GlobalSection(SolutionProperties) = preSolution
		HideSolutionNode = FALSE
	EndGlobalSection
	GlobalSection(ExtensibilityGlobals) = postSolution
		SolutionGuid = {0B7BB5D5-33C0-4C3F-A6F4-B00AFCDE693D}
	EndGlobalSection
EndGlobal
